
Microsoft Visual Studio Solution File, Format Version 12.00
# Visual Studio Version 16
VisualStudioVersion = 16.0.30503.244
MinimumVisualStudioVersion = 10.0.40219.1
Project("{FAE04EC0-301F-11D3-BF4B-00C04F79EFBC}") = "Proekt", "Proekt\Proekt.csproj", "{3042721D-A2C6-4494-AC44-32C9C775AE17}"
EndProject
Global
	GlobalSection(SolutionConfigurationPlatforms) = preSolution
		Debug|Any CPU = Debug|Any CPU
		Release|Any CPU = Release|Any CPU
	EndGlobalSection
	GlobalSection(ProjectConfigurationPlatforms) = postSolution
		{3042721D-A2C6-4494-AC44-32C9C775AE17}.Debug|Any CPU.ActiveCfg = Debug|Any CPU
		{3042721D-A2C6-4494-AC44-32C9C775AE17}.Debug|Any CPU.Build.0 = Debug|Any CPU
		{3042721D-A2C6-4494-AC44-32C9C775AE17}.Release|Any CPU.ActiveCfg = Release|Any CPU
		{3042721D-A2C6-4494-AC44-32C9C775AE17}.Release|Any CPU.Build.0 = Release|Any CPU
	EndGlobalSection
	GlobalSection(SolutionProperties) = preSolution
		HideSolutionNode = FALSE
	EndGlobalSection
	GlobalSection(ExtensibilityGlobals) = postSolution
		SolutionGuid = {50DF00AD-D38A-4775-B927-488BB963932E}
	EndGlobalSection
EndGlobal
